<?xml version="1.0" encoding="utf-8"?>
<Project ToolsVersion="4.0" xmlns="http://schemas.microsoft.com/developer/msbuild/2003">
  <ItemGroup>
    <Filter Include="源文件">
      <UniqueIdentifier>{4FC737F1-C7A5-4376-A066-2A32D752A2FF}</UniqueIdentifier>
      <Extensions>cpp;c;cc;cxx;c++;cppm;ixx;def;odl;idl;hpj;bat;asm;asmx</Extensions>
    </Filter>
    <Filter Include="头文件">
      <UniqueIdentifier>{93995380-89BD-4b04-88EB-625FBE52EBFB}</UniqueIdentifier>
      <Extensions>h;hh;hpp;hxx;h++;hm;inl;inc;ipp;xsd</Extensions>
    </Filter>
    <Filter Include="资源文件">
      <UniqueIdentifier>{67DA6AB6-F800-4c08-8B7A-83BB121AAD01}</UniqueIdentifier>
      <Extensions>rc;ico;cur;bmp;dlg;rc2;rct;bin;rgs;gif;jpg;jpeg;jpe;resx;tiff;tif;png;wav;mfcribbon-ms</Extensions>
    </Filter>
  </ItemGroup>
  <ItemGroup>
    <ClInclude Include="GATTENDANCE.h">
      <Filter>头文件</Filter>
    </ClInclude>
    <ClInclude Include="GATTENDANCEDlg.h">
      <Filter>头文件</Filter>
    </ClInclude>
    <ClInclude Include="framework.h">
      <Filter>头文件</Filter>
    </ClInclude>
    <ClInclude Include="targetver.h">
      <Filter>头文件</Filter>
    </ClInclude>
    <ClInclude Include="Resource.h">
      <Filter>头文件</Filter>
    </ClInclude>
    <ClInclude Include="pch.h">
      <Filter>头文件</Filter>
    </ClInclude>
    <ClInclude Include="WinLogin.h">
      <Filter>头文件</Filter>
    </ClInclude>
    <ClInclude Include="WinRegister.h">
      <Filter>头文件</Filter>
    </ClInclude>
    <ClInclude Include="C_Absence.h">
      <Filter>头文件</Filter>
    </ClInclude>
    <ClInclude Include="C_Attendance.h">
      <Filter>头文件</Filter>
    </ClInclude>
    <ClInclude Include="C_Information.h">
      <Filter>头文件</Filter>
    </ClInclude>
    <ClInclude Include="C_Show.h">
      <Filter>头文件</Filter>
    </ClInclude>
    <ClInclude Include="SQL.h">
      <Filter>头文件</Filter>
    </ClInclude>
    <ClInclude Include="sqlite\sqlite3.h">
      <Filter>头文件</Filter>
    </ClInclude>
    <ClInclude Include="sqlite\sqlite3ext.h">
      <Filter>头文件</Filter>
    </ClInclude>
  </ItemGroup>
  <ItemGroup>
    <ClCompile Include="GATTENDANCE.cpp">
      <Filter>源文件</Filter>
    </ClCompile>
    <ClCompile Include="GATTENDANCEDlg.cpp">
      <Filter>源文件</Filter>
    </ClCompile>
    <ClCompile Include="pch.cpp">
      <Filter>源文件</Filter>
    </ClCompile>
    <ClCompile Include="WinLogin.cpp">
      <Filter>源文件</Filter>
    </ClCompile>
    <ClCompile Include="WinRegister.cpp">
      <Filter>源文件</Filter>
    </ClCompile>
    <ClCompile Include="C_Absence.cpp">
      <Filter>源文件</Filter>
    </ClCompile>
    <ClCompile Include="C_Attendance.cpp">
      <Filter>源文件</Filter>
    </ClCompile>
    <ClCompile Include="C_Information.cpp">
      <Filter>源文件</Filter>
    </ClCompile>
    <ClCompile Include="C_Show.cpp">
      <Filter>源文件</Filter>
    </ClCompile>
    <ClCompile Include="SQL.cpp">
      <Filter>源文件</Filter>
    </ClCompile>
    <ClCompile Include="sqlite\shell.c">
      <Filter>源文件</Filter>
    </ClCompile>
    <ClCompile Include="sqlite\sqlite3.c">
      <Filter>源文件</Filter>
    </ClCompile>
  </ItemGroup>
  <ItemGroup>
    <ResourceCompile Include="GATTENDANCE.rc">
      <Filter>资源文件</Filter>
    </ResourceCompile>
  </ItemGroup>
  <ItemGroup>
    <None Include="res\GATTENDANCE.rc2">
      <Filter>资源文件</Filter>
    </None>
  </ItemGroup>
  <ItemGroup>
    <Image Include="res\GATTENDANCE.ico">
      <Filter>资源文件</Filter>
    </Image>
  </ItemGroup>
</Project>